
Microsoft Visual Studio Solution File, Format Version 12.00
# Visual Studio Version 17
VisualStudioVersion = 17.7.34031.279
MinimumVisualStudioVersion = 10.0.40219.1
Project("{FAE04EC0-301F-11D3-BF4B-00C04F79EFBC}") = "KNET_Instalator", "KNET_Instalator\KNET_Instalator.csproj", "{B605A738-511F-4993-B6A8-D2D9BC591E57}"
EndProject
Global
	GlobalSection(SolutionConfigurationPlatforms) = preSolution
		Debug|Any CPU = Debug|Any CPU
		Release|Any CPU = Release|Any CPU
	EndGlobalSection
	GlobalSection(ProjectConfigurationPlatforms) = postSolution
		{B605A738-511F-4993-B6A8-D2D9BC591E57}.Debug|Any CPU.ActiveCfg = Debug|Any CPU
		{B605A738-511F-4993-B6A8-D2D9BC591E57}.Debug|Any CPU.Build.0 = Debug|Any CPU
		{B605A738-511F-4993-B6A8-D2D9BC591E57}.Release|Any CPU.ActiveCfg = Release|Any CPU
		{B605A738-511F-4993-B6A8-D2D9BC591E57}.Release|Any CPU.Build.0 = Release|Any CPU
	EndGlobalSection
	GlobalSection(SolutionProperties) = preSolution
		HideSolutionNode = FALSE
	EndGlobalSection
	GlobalSection(ExtensibilityGlobals) = postSolution
		SolutionGuid = {5157B3A8-4BA1-4B30-BE7A-F7C9D3775872}
	EndGlobalSection
EndGlobal
